
Microsoft Visual Studio Solution File, Format Version 12.00
# Visual Studio Version 16
VisualStudioVersion = 16.0.30907.101
MinimumVisualStudioVersion = 10.0.40219.1
Project("{F184B08F-C81C-45F6-A57F-5ABD9991F28F}") = "201603159_CUBRECAMAS", "201603159_CUBRECAMAS\201603159_CUBRECAMAS.vbproj", "{785CA6A3-37BE-48DA-B9B4-BDC37090FDB1}"
EndProject
Global
	GlobalSection(SolutionConfigurationPlatforms) = preSolution
		Debug|Any CPU = Debug|Any CPU
		Release|Any CPU = Release|Any CPU
	EndGlobalSection
	GlobalSection(ProjectConfigurationPlatforms) = postSolution
		{785CA6A3-37BE-48DA-B9B4-BDC37090FDB1}.Debug|Any CPU.ActiveCfg = Debug|Any CPU
		{785CA6A3-37BE-48DA-B9B4-BDC37090FDB1}.Debug|Any CPU.Build.0 = Debug|Any CPU
		{785CA6A3-37BE-48DA-B9B4-BDC37090FDB1}.Release|Any CPU.ActiveCfg = Release|Any CPU
		{785CA6A3-37BE-48DA-B9B4-BDC37090FDB1}.Release|Any CPU.Build.0 = Release|Any CPU
	EndGlobalSection
	GlobalSection(SolutionProperties) = preSolution
		HideSolutionNode = FALSE
	EndGlobalSection
	GlobalSection(ExtensibilityGlobals) = postSolution
		SolutionGuid = {C38EDCC3-757F-4126-9EDE-0A0569A1708F}
	EndGlobalSection
EndGlobal
