
Microsoft Visual Studio Solution File, Format Version 12.00
# Visual Studio Version 16
VisualStudioVersion = 16.0.30907.101
MinimumVisualStudioVersion = 10.0.40219.1
Project("{F184B08F-C81C-45F6-A57F-5ABD9991F28F}") = "201603159_INSCRIPCIONES", "201603159_INSCRIPCIONES\201603159_INSCRIPCIONES.vbproj", "{B04F298B-8412-45B5-81D7-B55F37901269}"
EndProject
Global
	GlobalSection(SolutionConfigurationPlatforms) = preSolution
		Debug|Any CPU = Debug|Any CPU
		Release|Any CPU = Release|Any CPU
	EndGlobalSection
	GlobalSection(ProjectConfigurationPlatforms) = postSolution
		{B04F298B-8412-45B5-81D7-B55F37901269}.Debug|Any CPU.ActiveCfg = Debug|Any CPU
		{B04F298B-8412-45B5-81D7-B55F37901269}.Debug|Any CPU.Build.0 = Debug|Any CPU
		{B04F298B-8412-45B5-81D7-B55F37901269}.Release|Any CPU.ActiveCfg = Release|Any CPU
		{B04F298B-8412-45B5-81D7-B55F37901269}.Release|Any CPU.Build.0 = Release|Any CPU
	EndGlobalSection
	GlobalSection(SolutionProperties) = preSolution
		HideSolutionNode = FALSE
	EndGlobalSection
	GlobalSection(ExtensibilityGlobals) = postSolution
		SolutionGuid = {6EA91E2B-6CEE-44AE-A099-86267791874B}
	EndGlobalSection
EndGlobal
